// !$*UTF8*$!
{
	archiveVersion = 1;
	classes = {
	};
	objectVersion = 46;
	objects = {

/* Begin PBXBuildFile section */
		1849B41C1500B48500E6D64D /* UIKit.framework in Frameworks */ = {isa = PBXBuildFile; fileRef = 1849B41B1500B48500E6D64D /* UIKit.framework */; };
		1849B41E1500B48500E6D64D /* Foundation.framework in Frameworks */ = {isa = PBXBuildFile; fileRef = 1849B41D1500B48500E6D64D /* Foundation.framework */; };
		1849B4201500B48500E6D64D /* CoreGraphics.framework in Frameworks */ = {isa = PBXBuildFile; fileRef = 1849B41F1500B48500E6D64D /* CoreGraphics.framework */; };
		1849B4261500B48500E6D64D /* InfoPlist.strings in Resources */ = {isa = PBXBuildFile; fileRef = 1849B4241500B48500E6D64D /* InfoPlist.strings */; };
		1849B4281500B48500E6D64D /* main.m in Sources */ = {isa = PBXBuildFile; fileRef = 1849B4271500B48500E6D64D /* main.m */; };
		1849B42C1500B48500E6D64D /* AppDelegate.m in Sources */ = {isa = PBXBuildFile; fileRef = 1849B42B1500B48500E6D64D /* AppDelegate.m */; };
		1849B42F1500B48500E6D64D /* ViewController.m in Sources */ = {isa = PBXBuildFile; fileRef = 1849B42E1500B48500E6D64D /* ViewController.m */; };
		1849B4321500B48500E6D64D /* ViewController.xib in Resources */ = {isa = PBXBuildFile; fileRef = 1849B4301500B48500E6D64D /* ViewController.xib */; };
/* End PBXBuildFile section */

/* Begin PBXFileReference section */
		1849B4171500B48500E6D64D /* AnimationDemo.app */ = {isa = PBXFileReference; explicitFileType = wrapper.application; includeInIndex = 0; path = AnimationDemo.app; sourceTree = BUILT_PRODUCTS_DIR; };
		1849B41B1500B48500E6D64D /* UIKit.framework */ = {isa = PBXFileReference; lastKnownFileType = wrapper.framework; name = UIKit.framework; path = System/Library/Frameworks/UIKit.framework; sourceTree = SDKROOT; };
		1849B41D1500B48500E6D64D /* Foundation.framework */ = {isa = PBXFileReference; lastKnownFileType = wrapper.framework; name = Foundation.framework; path = System/Library/Frameworks/Foundation.framework; sourceTree = SDKROOT; };
		1849B41F1500B48500E6D64D /* CoreGraphics.framework */ = {isa = PBXFileReference; lastKnownFileType = wrapper.framework; name = CoreGraphics.framework; path = System/Library/Frameworks/CoreGraphics.framework; sourceTree = SDKROOT; };
		1849B4231500B48500E6D64D /* AnimationDemo-Info.plist */ = {isa = PBXFileReference; path = "AnimationDemo-Info.plist"; sourceTree = "<group>"; };
		1849B4251500B48500E6D64D /* en */ = {isa = PBXFileReference; lastKnownFileType = text.plist.strings; name = en; path = en.lproj/InfoPlist.strings; sourceTree = "<group>"; };
		1849B4271500B48500E6D64D /* main.m */ = {isa = PBXFileReference; lastKnownFileType = sourcecode.c.objc; path = main.m; sourceTree = "<group>"; };
		1849B4291500B48500E6D64D /* AnimationDemo-Prefix.pch */ = {isa = PBXFileReference; path = "AnimationDemo-Prefix.pch"; sourceTree = "<group>"; };
		1849B42A1500B48500E6D64D /* AppDelegate.h */ = {isa = PBXFileReference; path = AppDelegate.h; sourceTree = "<group>"; };
		1849B42B1500B48500E6D64D /* AppDelegate.m */ = {isa = PBXFileReference; lastKnownFileType = sourcecode.c.objc; path = AppDelegate.m; sourceTree = "<group>"; };
		1849B42D1500B48500E6D64D /* ViewController.h */ = {isa = PBXFileReference; path = ViewController.h; sourceTree = "<group>"; };
		1849B42E1500B48500E6D64D /* ViewController.m */ = {isa = PBXFileReference; lastKnownFileType = sourcecode.c.objc; path = ViewController.m; sourceTree = "<group>"; };
		1849B4311500B48500E6D64D /* en */ = {isa = PBXFileReference; lastKnownFileType = file.xib; name = en; path = en.lproj/ViewController.xib; sourceTree = "<group>"; };
/* End PBXFileReference section */

/* Begin PBXFrameworksBuildPhase section */
		1849B4141500B48500E6D64D /* Frameworks */ = {
			isa = PBXFrameworksBuildPhase;
			buildActionMask = 2147483647;
			files = (
				1849B41C1500B48500E6D64D /* UIKit.framework in Frameworks */,
				1849B41E1500B48500E6D64D /* Foundation.framework in Frameworks */,
				1849B4201500B48500E6D64D /* CoreGraphics.framework in Frameworks */,
			);
			runOnlyForDeploymentPostprocessing = 0;
		};
/* End PBXFrameworksBuildPhase section */

/* Begin PBXGroup section */
		1849B40C1500B48500E6D64D = {
			isa = PBXGroup;
			children = (
				1849B4211500B48500E6D64D /* AnimationDemo */,
				1849B41A1500B48500E6D64D /* Frameworks */,
				1849B4181500B48500E6D64D /* Products */,
			);
			sourceTree = "<group>";
		};
		1849B4181500B48500E6D64D /* Products */ = {
			isa = PBXGroup;
			children = (
				1849B4171500B48500E6D64D /* AnimationDemo.app */,
			);
			name = Products;
			sourceTree = "<group>";
		};
		1849B41A1500B48500E6D64D /* Frameworks */ = {
			isa = PBXGroup;
			children = (
				1849B41B1500B48500E6D64D /* UIKit.framework */,
				1849B41D1500B48500E6D64D /* Foundation.framework */,
				1849B41F1500B48500E6D64D /* CoreGraphics.framework */,
			);
			name = Frameworks;
			sourceTree = "<group>";
		};
		1849B4211500B48500E6D64D /* AnimationDemo */ = {
			isa = PBXGroup;
			children = (
				1849B42A1500B48500E6D64D /* AppDelegate.h */,
				1849B42B1500B48500E6D64D /* AppDelegate.m */,
				1849B42D1500B48500E6D64D /* ViewController.h */,
				1849B42E1500B48500E6D64D /* ViewController.m */,
				1849B4301500B48500E6D64D /* ViewController.xib */,
				1849B4221500B48500E6D64D /* Supporting Files */,
			);
			path = AnimationDemo;
			sourceTree = "<group>";
		};
		1849B4221500B48500E6D64D /* Supporting Files */ = {
			isa = PBXGroup;
			children = (
				1849B4231500B48500E6D64D /* AnimationDemo-Info.plist */,
				1849B4241500B48500E6D64D /* InfoPlist.strings */,
				1849B4271500B48500E6D64D /* main.m */,
				1849B4291500B48500E6D64D /* AnimationDemo-Prefix.pch */,
			);
			name = "Supporting Files";
			sourceTree = "<group>";
		};
/* End PBXGroup section */

/* Begin PBXNativeTarget section */
		1849B4161500B48500E6D64D /* AnimationDemo */ = {
			isa = PBXNativeTarget;
			buildConfigurationList = 1849B4351500B48500E6D64D /* Build configuration list for PBXNativeTarget "AnimationDemo" */;
			buildPhases = (
				1849B4131500B48500E6D64D /* Sources */,
				1849B4141500B48500E6D64D /* Frameworks */,
				1849B4151500B48500E6D64D /* Resources */,
			);
			buildRules = (
			);
			dependencies = (
			);
			name = AnimationDemo;
			productName = AnimationDemo;
			productReference = 1849B4171500B48500E6D64D /* AnimationDemo.app */;
			productType = "com.apple.product-type.application";
		};
/* End PBXNativeTarget section */

/* Begin PBXProject section */
		1849B40E1500B48500E6D64D /* Project object */ = {
			isa = PBXProject;
			attributes = {
				LastUpgradeCheck = 0430;
			};
			buildConfigurationList = 1849B4111500B48500E6D64D /* Build configuration list for PBXProject "AnimationDemo" */;
			compatibilityVersion = "Xcode 3.2";
			developmentRegion = English;
			hasScannedForEncodings = 0;
			knownRegions = (
				en,
			);
			mainGroup = 1849B40C1500B48500E6D64D;
			productRefGroup = 1849B4181500B48500E6D64D /* Products */;
			projectDirPath = "";
			projectRoot = "";
			targets = (
				1849B4161500B48500E6D64D /* AnimationDemo */,
			);
		};
/* End PBXProject section */

/* Begin PBXResourcesBuildPhase section */
		1849B4151500B48500E6D64D /* Resources */ = {
			isa = PBXResourcesBuildPhase;
			buildActionMask = 2147483647;
			files = (
				1849B4261500B48500E6D64D /* InfoPlist.strings in Resources */,
				1849B4321500B48500E6D64D /* ViewController.xib in Resources */,
			);
			runOnlyForDeploymentPostprocessing = 0;
		};
/* End PBXResourcesBuildPhase section */

/* Begin PBXSourcesBuildPhase section */
		1849B4131500B48500E6D64D /* Sources */ = {
			isa = PBXSourcesBuildPhase;
			buildActionMask = 2147483647;
			files = (
				1849B4281500B48500E6D64D /* main.m in Sources */,
				1849B42C1500B48500E6D64D /* AppDelegate.m in Sources */,
				1849B42F1500B48500E6D64D /* ViewController.m in Sources */,
			);
			runOnlyForDeploymentPostprocessing = 0;
		};
/* End PBXSourcesBuildPhase section */

/* Begin PBXVariantGroup section */
		1849B4241500B48500E6D64D /* InfoPlist.strings */ = {
			isa = PBXVariantGroup;
			children = (
				1849B4251500B48500E6D64D /* en */,
			);
			name = InfoPlist.strings;
			sourceTree = "<group>";
		};
		1849B4301500B48500E6D64D /* ViewController.xib */ = {
			isa = PBXVariantGroup;
			children = (
				1849B4311500B48500E6D64D /* en */,
			);
			name = ViewController.xib;
			sourceTree = "<group>";
		};
/* End PBXVariantGroup section */

/* Begin XCBuildConfiguration section */
		1849B4331500B48500E6D64D /* Debug */ = {
			isa = XCBuildConfiguration;
			buildSettings = {
				ALWAYS_SEARCH_USER_PATHS = NO;
				ARCHS = "$(ARCHS_STANDARD_32_BIT)";
				"CODE_SIGN_IDENTITY[sdk=iphoneos*]" = "iPhone Developer";
				COPY_PHASE_STRIP = NO;
				GCC_C_LANGUAGE_STANDARD = gnu99;
				GCC_DYNAMIC_NO_PIC = NO;
				GCC_OPTIMIZATION_LEVEL = 0;
				GCC_PREPROCESSOR_DEFINITIONS = (
					"DEBUG=1",
					"$(inherited)",
				);
				GCC_SYMBOLS_PRIVATE_EXTERN = NO;
				GCC_VERSION = com.apple.compilers.llvm.clang.1_0;
				GCC_WARN_ABOUT_RETURN_TYPE = YES;
				GCC_WARN_UNINITIALIZED_AUTOS = YES;
				GCC_WARN_UNUSED_VARIABLE = YES;
				IPHONEOS_DEPLOYMENT_TARGET = 5.0;
				SDKROOT = iphoneos;
			};
			name = Debug;
		};
		1849B4341500B48500E6D64D /* Release */ = {
			isa = XCBuildConfiguration;
			buildSettings = {
				ALWAYS_SEARCH_USER_PATHS = NO;
				ARCHS = "$(ARCHS_STANDARD_32_BIT)";
				"CODE_SIGN_IDENTITY[sdk=iphoneos*]" = "iPhone Developer";
				COPY_PHASE_STRIP = YES;
				GCC_C_LANGUAGE_STANDARD = gnu99;
				GCC_VERSION = com.apple.compilers.llvm.clang.1_0;
				GCC_WARN_ABOUT_RETURN_TYPE = YES;
				GCC_WARN_UNINITIALIZED_AUTOS = YES;
				GCC_WARN_UNUSED_VARIABLE = YES;
				IPHONEOS_DEPLOYMENT_TARGET = 5.0;
				OTHER_CFLAGS = "-DNS_BLOCK_ASSERTIONS=1";
				SDKROOT = iphoneos;
				VALIDATE_PRODUCT = YES;
			};
			name = Release;
		};
		1849B4361500B48500E6D64D /* Debug */ = {
			isa = XCBuildConfiguration;
			buildSettings = {
				GCC_PRECOMPILE_PREFIX_HEADER = YES;
				GCC_PREFIX_HEADER = "AnimationDemo/AnimationDemo-Prefix.pch";
				INFOPLIST_FILE = "AnimationDemo/AnimationDemo-Info.plist";
				PRODUCT_NAME = "$(TARGET_NAME)";
				WRAPPER_EXTENSION = app;
			};
			name = Debug;
		};
		1849B4371500B48500E6D64D /* Release */ = {
			isa = XCBuildConfiguration;
			buildSettings = {
				GCC_PRECOMPILE_PREFIX_HEADER = YES;
				GCC_PREFIX_HEADER = "AnimationDemo/AnimationDemo-Prefix.pch";
				INFOPLIST_FILE = "AnimationDemo/AnimationDemo-Info.plist";
				PRODUCT_NAME = "$(TARGET_NAME)";
				WRAPPER_EXTENSION = app;
			};
			name = Release;
		};
/* End XCBuildConfiguration section */

/* Begin XCConfigurationList section */
		1849B4111500B48500E6D64D /* Build configuration list for PBXProject "AnimationDemo" */ = {
			isa = XCConfigurationList;
			buildConfigurations = (
				1849B4331500B48500E6D64D /* Debug */,
				1849B4341500B48500E6D64D /* Release */,
			);
			defaultConfigurationIsVisible = 0;
			defaultConfigurationName = Release;
		};
		1849B4351500B48500E6D64D /* Build configuration list for PBXNativeTarget "AnimationDemo" */ = {
			isa = XCConfigurationList;
			buildConfigurations = (
				1849B4361500B48500E6D64D /* Debug */,
				1849B4371500B48500E6D64D /* Release */,
			);
			defaultConfigurationIsVisible = 0;
		};
/* End XCConfigurationList section */
	};
	rootObject = 1849B40E1500B48500E6D64D /* Project object */;
}
